{
  "requires": true,
  "lockfileVersion": 1,
  "dependencies": {
    "@google/markerclustererplus": {
      "version": "5.1.0",
      "resolved": "https://registry.npmjs.org/@google/markerclustererplus/-/markerclustererplus-5.1.0.tgz",
      "integrity": "sha512-LLYJHLLERawpRQUn7iu/Y6Ll/2vJct3v5iIky99apzaZ9nTy/adYhAEmnUI9PRnMS3nt65CQdLDz178HA6wvgw=="
    }
  }
}
